<?xml version="1.0" encoding="utf-8"?>
<Project ToolsVersion="4.0" xmlns="http://schemas.microsoft.com/developer/msbuild/2003">
  <ItemGroup>
    <Filter Include="string">
      <UniqueIdentifier>{67DA6AB6-F800-4c08-8B7A-83BB121AAD01}</UniqueIdentifier>
      <Extensions>rc;ico;cur;bmp;dlg;rc2;rct;bin;rgs;gif;jpg;jpeg;jpe;resx;tiff;tif;png;wav;mfcribbon-ms</Extensions>
    </Filter>
    <Filter Include="shape">
      <UniqueIdentifier>{4FC737F1-C7A5-4376-A066-2A32D752A2FF}</UniqueIdentifier>
      <Extensions>cpp;c;cc;cxx;def;odl;idl;hpj;bat;asm;asmx</Extensions>
    </Filter>
    <Filter Include="algorithm">
      <UniqueIdentifier>{f3dbff08-6433-4cb7-aea6-440409c48340}</UniqueIdentifier>
    </Filter>
  </ItemGroup>
  <ItemGroup>
    <ClCompile Include="string_format.cpp">
      <Filter>string</Filter>
    </ClCompile>
    <ClCompile Include="string_split.cpp">
      <Filter>string</Filter>
    </ClCompile>
    <ClCompile Include="string_transform.cpp">
      <Filter>string</Filter>
    </ClCompile>
    <ClCompile Include="shape_io.cpp">
      <Filter>shape</Filter>
    </ClCompile>
    <ClCompile Include="interpolation.cpp">
      <Filter>algorithm</Filter>
    </ClCompile>
  </ItemGroup>
</Project>